
Microsoft Visual Studio Solution File, Format Version 12.00
# Visual Studio Version 17
VisualStudioVersion = 17.8.34309.116
MinimumVisualStudioVersion = 10.0.40219.1
Project("{8BC9CEB8-8B4A-11D0-8D11-00A0C91BC942}") = "Soft Body Physics", "Soft Body Physics.vcxproj", "{BEBDC6CF-799A-4A1A-9E63-E45B07D553E4}"
EndProject
Global
	GlobalSection(SolutionConfigurationPlatforms) = preSolution
		Debug|x64 = Debug|x64
		Debug|x86 = Debug|x86
		Release|x64 = Release|x64
		Release|x86 = Release|x86
	EndGlobalSection
	GlobalSection(ProjectConfigurationPlatforms) = postSolution
		{BEBDC6CF-799A-4A1A-9E63-E45B07D553E4}.Debug|x64.ActiveCfg = Debug|x64
		{BEBDC6CF-799A-4A1A-9E63-E45B07D553E4}.Debug|x64.Build.0 = Debug|x64
		{BEBDC6CF-799A-4A1A-9E63-E45B07D553E4}.Debug|x86.ActiveCfg = Debug|Win32
		{BEBDC6CF-799A-4A1A-9E63-E45B07D553E4}.Debug|x86.Build.0 = Debug|Win32
		{BEBDC6CF-799A-4A1A-9E63-E45B07D553E4}.Release|x64.ActiveCfg = Release|x64
		{BEBDC6CF-799A-4A1A-9E63-E45B07D553E4}.Release|x64.Build.0 = Release|x64
		{BEBDC6CF-799A-4A1A-9E63-E45B07D553E4}.Release|x86.ActiveCfg = Release|Win32
		{BEBDC6CF-799A-4A1A-9E63-E45B07D553E4}.Release|x86.Build.0 = Release|Win32
	EndGlobalSection
	GlobalSection(SolutionProperties) = preSolution
		HideSolutionNode = FALSE
	EndGlobalSection
	GlobalSection(ExtensibilityGlobals) = postSolution
		SolutionGuid = {27C3BCD2-02E9-4EE9-819E-E7AFEC8F86EA}
	EndGlobalSection
EndGlobal
